
Microsoft Visual Studio Solution File, Format Version 12.00
# Visual Studio 15
VisualStudioVersion = 15.0.28010.2046
MinimumVisualStudioVersion = 10.0.40219.1
Project("{FAE04EC0-301F-11D3-BF4B-00C04F79EFBC}") = "BoardAPI", "BoardAPI\BoardAPI.csproj", "{3AD7202C-385F-4BCC-B09C-DC243142B41F}"
EndProject
Project("{FAE04EC0-301F-11D3-BF4B-00C04F79EFBC}") = "BoardAPI.Tests", "BoardAPI.Tests\BoardAPI.Tests.csproj", "{CCBA7684-93A7-46EB-86C4-C6EAA120AC3E}"
EndProject
Global
	GlobalSection(SolutionConfigurationPlatforms) = preSolution
		Debug|Any CPU = Debug|Any CPU
		Release|Any CPU = Release|Any CPU
	EndGlobalSection
	GlobalSection(ProjectConfigurationPlatforms) = postSolution
		{3AD7202C-385F-4BCC-B09C-DC243142B41F}.Debug|Any CPU.ActiveCfg = Debug|Any CPU
		{3AD7202C-385F-4BCC-B09C-DC243142B41F}.Debug|Any CPU.Build.0 = Debug|Any CPU
		{3AD7202C-385F-4BCC-B09C-DC243142B41F}.Release|Any CPU.ActiveCfg = Release|Any CPU
		{3AD7202C-385F-4BCC-B09C-DC243142B41F}.Release|Any CPU.Build.0 = Release|Any CPU
		{CCBA7684-93A7-46EB-86C4-C6EAA120AC3E}.Debug|Any CPU.ActiveCfg = Debug|Any CPU
		{CCBA7684-93A7-46EB-86C4-C6EAA120AC3E}.Debug|Any CPU.Build.0 = Debug|Any CPU
		{CCBA7684-93A7-46EB-86C4-C6EAA120AC3E}.Release|Any CPU.ActiveCfg = Release|Any CPU
		{CCBA7684-93A7-46EB-86C4-C6EAA120AC3E}.Release|Any CPU.Build.0 = Release|Any CPU
	EndGlobalSection
	GlobalSection(SolutionProperties) = preSolution
		HideSolutionNode = FALSE
	EndGlobalSection
	GlobalSection(ExtensibilityGlobals) = postSolution
		SolutionGuid = {1CEEFE60-A1C0-4D69-AAC6-6770519C54F7}
	EndGlobalSection
EndGlobal
